
Microsoft Visual Studio Solution File, Format Version 12.00
# Visual Studio 14
VisualStudioVersion = 14.0.23107.0
MinimumVisualStudioVersion = 10.0.40219.1
Project("{2150E333-8FDC-42A3-9474-1A3956D46DE8}") = "Presentation", "Presentation", "{975E41B4-7902-443E-947B-109BB600ACAD}"
EndProject
Project("{2150E333-8FDC-42A3-9474-1A3956D46DE8}") = "Infrastructure", "Infrastructure", "{90125B63-5B1C-4D69-A2B8-2CD48DFF47A0}"
EndProject
Project("{2150E333-8FDC-42A3-9474-1A3956D46DE8}") = "Domain", "Domain", "{1236603B-4359-4389-AA2D-5807E2989215}"
EndProject
Project("{2150E333-8FDC-42A3-9474-1A3956D46DE8}") = "Services", "Services", "{93DCF3B4-41ED-4745-B6A5-DCA5A38B29CD}"
EndProject
Project("{FAE04EC0-301F-11D3-BF4B-00C04F79EFBC}") = "FourLayer.Services", "FourLayer.Services\FourLayer.Services.csproj", "{03B1AA74-2D52-4F2D-9307-2E841F77E7B3}"
EndProject
Project("{FAE04EC0-301F-11D3-BF4B-00C04F79EFBC}") = "FourLayer.Infrastructure", "FourLayer.Infrastructure\FourLayer.Infrastructure.csproj", "{D68658A5-E54E-46A2-A012-5E65D5A6246C}"
EndProject
Project("{FAE04EC0-301F-11D3-BF4B-00C04F79EFBC}") = "FourLayer.Domain", "FourLayer.Domain\FourLayer.Domain.csproj", "{DD556EB3-C8F3-4D57-BBCB-D2FED43C8A47}"
EndProject
Project("{FAE04EC0-301F-11D3-BF4B-00C04F79EFBC}") = "FourLayer.Presentation", "FourLayer.Presentation\FourLayer.Presentation.csproj", "{5C11CDBC-9CBF-4E18-9A81-1BBF29B655AE}"
EndProject
Global
	GlobalSection(SolutionConfigurationPlatforms) = preSolution
		Debug|Any CPU = Debug|Any CPU
		Release|Any CPU = Release|Any CPU
	EndGlobalSection
	GlobalSection(ProjectConfigurationPlatforms) = postSolution
		{03B1AA74-2D52-4F2D-9307-2E841F77E7B3}.Debug|Any CPU.ActiveCfg = Debug|Any CPU
		{03B1AA74-2D52-4F2D-9307-2E841F77E7B3}.Debug|Any CPU.Build.0 = Debug|Any CPU
		{03B1AA74-2D52-4F2D-9307-2E841F77E7B3}.Release|Any CPU.ActiveCfg = Release|Any CPU
		{03B1AA74-2D52-4F2D-9307-2E841F77E7B3}.Release|Any CPU.Build.0 = Release|Any CPU
		{D68658A5-E54E-46A2-A012-5E65D5A6246C}.Debug|Any CPU.ActiveCfg = Debug|Any CPU
		{D68658A5-E54E-46A2-A012-5E65D5A6246C}.Debug|Any CPU.Build.0 = Debug|Any CPU
		{D68658A5-E54E-46A2-A012-5E65D5A6246C}.Release|Any CPU.ActiveCfg = Release|Any CPU
		{D68658A5-E54E-46A2-A012-5E65D5A6246C}.Release|Any CPU.Build.0 = Release|Any CPU
		{DD556EB3-C8F3-4D57-BBCB-D2FED43C8A47}.Debug|Any CPU.ActiveCfg = Debug|Any CPU
		{DD556EB3-C8F3-4D57-BBCB-D2FED43C8A47}.Debug|Any CPU.Build.0 = Debug|Any CPU
		{DD556EB3-C8F3-4D57-BBCB-D2FED43C8A47}.Release|Any CPU.ActiveCfg = Release|Any CPU
		{DD556EB3-C8F3-4D57-BBCB-D2FED43C8A47}.Release|Any CPU.Build.0 = Release|Any CPU
		{5C11CDBC-9CBF-4E18-9A81-1BBF29B655AE}.Debug|Any CPU.ActiveCfg = Debug|Any CPU
		{5C11CDBC-9CBF-4E18-9A81-1BBF29B655AE}.Debug|Any CPU.Build.0 = Debug|Any CPU
		{5C11CDBC-9CBF-4E18-9A81-1BBF29B655AE}.Release|Any CPU.ActiveCfg = Release|Any CPU
		{5C11CDBC-9CBF-4E18-9A81-1BBF29B655AE}.Release|Any CPU.Build.0 = Release|Any CPU
	EndGlobalSection
	GlobalSection(SolutionProperties) = preSolution
		HideSolutionNode = FALSE
	EndGlobalSection
	GlobalSection(NestedProjects) = preSolution
		{03B1AA74-2D52-4F2D-9307-2E841F77E7B3} = {93DCF3B4-41ED-4745-B6A5-DCA5A38B29CD}
		{D68658A5-E54E-46A2-A012-5E65D5A6246C} = {90125B63-5B1C-4D69-A2B8-2CD48DFF47A0}
		{DD556EB3-C8F3-4D57-BBCB-D2FED43C8A47} = {1236603B-4359-4389-AA2D-5807E2989215}
		{5C11CDBC-9CBF-4E18-9A81-1BBF29B655AE} = {975E41B4-7902-443E-947B-109BB600ACAD}
	EndGlobalSection
EndGlobal
